
Microsoft Visual Studio Solution File, Format Version 12.00
# Visual Studio Version 16
VisualStudioVersion = 16.0.29609.76
MinimumVisualStudioVersion = 10.0.40219.1
Project("{FAE04EC0-301F-11D3-BF4B-00C04F79EFBC}") = "SegamApp", "SegamApp\SegamApp.csproj", "{A8277590-D8CA-4E83-A22B-146DDD292D4E}"
EndProject
Project("{FAE04EC0-301F-11D3-BF4B-00C04F79EFBC}") = "DataLayer", "DataLayer\DataLayer.csproj", "{62F6BC5A-1CE8-4D1A-A880-CE40B26A56B4}"
EndProject
Global
	GlobalSection(SolutionConfigurationPlatforms) = preSolution
		Debug|Any CPU = Debug|Any CPU
		Release|Any CPU = Release|Any CPU
	EndGlobalSection
	GlobalSection(ProjectConfigurationPlatforms) = postSolution
		{A8277590-D8CA-4E83-A22B-146DDD292D4E}.Debug|Any CPU.ActiveCfg = Debug|Any CPU
		{A8277590-D8CA-4E83-A22B-146DDD292D4E}.Debug|Any CPU.Build.0 = Debug|Any CPU
		{A8277590-D8CA-4E83-A22B-146DDD292D4E}.Release|Any CPU.ActiveCfg = Release|Any CPU
		{A8277590-D8CA-4E83-A22B-146DDD292D4E}.Release|Any CPU.Build.0 = Release|Any CPU
		{62F6BC5A-1CE8-4D1A-A880-CE40B26A56B4}.Debug|Any CPU.ActiveCfg = Debug|Any CPU
		{62F6BC5A-1CE8-4D1A-A880-CE40B26A56B4}.Debug|Any CPU.Build.0 = Debug|Any CPU
		{62F6BC5A-1CE8-4D1A-A880-CE40B26A56B4}.Release|Any CPU.ActiveCfg = Release|Any CPU
		{62F6BC5A-1CE8-4D1A-A880-CE40B26A56B4}.Release|Any CPU.Build.0 = Release|Any CPU
	EndGlobalSection
	GlobalSection(SolutionProperties) = preSolution
		HideSolutionNode = FALSE
	EndGlobalSection
	GlobalSection(ExtensibilityGlobals) = postSolution
		SolutionGuid = {BDD35033-CC50-4AC4-917D-B224793156F7}
	EndGlobalSection
EndGlobal
